// !$*UTF8*$!
{
	archiveVersion = 1;
	classes = {
	};
	objectVersion = 50;
	objects = {

/* Begin PBXBuildFile section */
		3908708422561B86002D29D3 /* ClassA.m in Sources */ = {isa = PBXBuildFile; fileRef = 3908708322561B86002D29D3 /* ClassA.m */; };
		3908708722561B99002D29D3 /* ClassB.m in Sources */ = {isa = PBXBuildFile; fileRef = 3908708622561B99002D29D3 /* ClassB.m */; };
		3908708A22561BAA002D29D3 /* ClassA+Run.m in Sources */ = {isa = PBXBuildFile; fileRef = 3908708922561BAA002D29D3 /* ClassA+Run.m */; };
		3908708D22561EC8002D29D3 /* ClassB+Run.m in Sources */ = {isa = PBXBuildFile; fileRef = 3908708C22561EC8002D29D3 /* ClassB+Run.m */; };
		3967FA23223F4B4000FF329E /* AppDelegate.m in Sources */ = {isa = PBXBuildFile; fileRef = 3967FA22223F4B4000FF329E /* AppDelegate.m */; };
		3967FA26223F4B4000FF329E /* ViewController.m in Sources */ = {isa = PBXBuildFile; fileRef = 3967FA25223F4B4000FF329E /* ViewController.m */; };
		3967FA29223F4B4000FF329E /* Main.storyboard in Resources */ = {isa = PBXBuildFile; fileRef = 3967FA27223F4B4000FF329E /* Main.storyboard */; };
		3967FA2B223F4B4200FF329E /* Assets.xcassets in Resources */ = {isa = PBXBuildFile; fileRef = 3967FA2A223F4B4200FF329E /* Assets.xcassets */; };
		3967FA2E223F4B4200FF329E /* LaunchScreen.storyboard in Resources */ = {isa = PBXBuildFile; fileRef = 3967FA2C223F4B4200FF329E /* LaunchScreen.storyboard */; };
		3967FA31223F4B4200FF329E /* main.m in Sources */ = {isa = PBXBuildFile; fileRef = 3967FA30223F4B4200FF329E /* main.m */; };
		3967FA3D223F4E1700FF329E /* Sort_C.m in Sources */ = {isa = PBXBuildFile; fileRef = 3967FA3C223F4E1700FF329E /* Sort_C.m */; };
		39A545822243B86600AB3B5D /* Bst.m in Sources */ = {isa = PBXBuildFile; fileRef = 39A545812243B86600AB3B5D /* Bst.m */; };
		39A545852244E00D00AB3B5D /* DemoVC.m in Sources */ = {isa = PBXBuildFile; fileRef = 39A545842244E00D00AB3B5D /* DemoVC.m */; };
		39C3798322410EFE00D2AA53 /* SingleLinkTable.m in Sources */ = {isa = PBXBuildFile; fileRef = 39C3798222410EFE00D2AA53 /* SingleLinkTable.m */; };
		39C379862241172A00D2AA53 /* DoubleLinkTable.m in Sources */ = {isa = PBXBuildFile; fileRef = 39C379852241172A00D2AA53 /* DoubleLinkTable.m */; };
		39C3798A224254DF00D2AA53 /* AlgorithmProblem.m in Sources */ = {isa = PBXBuildFile; fileRef = 39C37989224254DF00D2AA53 /* AlgorithmProblem.m */; };
		39C3798D2242742500D2AA53 /* CirCleLinkList.m in Sources */ = {isa = PBXBuildFile; fileRef = 39C3798C2242742500D2AA53 /* CirCleLinkList.m */; };
		39C379912242798F00D2AA53 /* Stack.m in Sources */ = {isa = PBXBuildFile; fileRef = 39C379902242798F00D2AA53 /* Stack.m */; };
		39C49C2222465047001F587A /* Queue.m in Sources */ = {isa = PBXBuildFile; fileRef = 39C49C2122465047001F587A /* Queue.m */; };
		39C49C26224666A4001F587A /* Tree.m in Sources */ = {isa = PBXBuildFile; fileRef = 39C49C25224666A4001F587A /* Tree.m */; };
/* End PBXBuildFile section */

/* Begin PBXFileReference section */
		3908708222561B86002D29D3 /* ClassA.h */ = {isa = PBXFileReference; lastKnownFileType = sourcecode.c.h; path = ClassA.h; sourceTree = "<group>"; };
		3908708322561B86002D29D3 /* ClassA.m */ = {isa = PBXFileReference; lastKnownFileType = sourcecode.c.objc; path = ClassA.m; sourceTree = "<group>"; };
		3908708522561B99002D29D3 /* ClassB.h */ = {isa = PBXFileReference; lastKnownFileType = sourcecode.c.h; path = ClassB.h; sourceTree = "<group>"; };
		3908708622561B99002D29D3 /* ClassB.m */ = {isa = PBXFileReference; lastKnownFileType = sourcecode.c.objc; path = ClassB.m; sourceTree = "<group>"; };
		3908708822561BAA002D29D3 /* ClassA+Run.h */ = {isa = PBXFileReference; lastKnownFileType = sourcecode.c.h; path = "ClassA+Run.h"; sourceTree = "<group>"; };
		3908708922561BAA002D29D3 /* ClassA+Run.m */ = {isa = PBXFileReference; lastKnownFileType = sourcecode.c.objc; path = "ClassA+Run.m"; sourceTree = "<group>"; };
		3908708B22561EC8002D29D3 /* ClassB+Run.h */ = {isa = PBXFileReference; lastKnownFileType = sourcecode.c.h; path = "ClassB+Run.h"; sourceTree = "<group>"; };
		3908708C22561EC8002D29D3 /* ClassB+Run.m */ = {isa = PBXFileReference; lastKnownFileType = sourcecode.c.objc; path = "ClassB+Run.m"; sourceTree = "<group>"; };
		3967FA1E223F4B4000FF329E /* DayDayLernning.app */ = {isa = PBXFileReference; explicitFileType = wrapper.application; includeInIndex = 0; path = DayDayLernning.app; sourceTree = BUILT_PRODUCTS_DIR; };
		3967FA21223F4B4000FF329E /* AppDelegate.h */ = {isa = PBXFileReference; lastKnownFileType = sourcecode.c.h; path = AppDelegate.h; sourceTree = "<group>"; };
		3967FA22223F4B4000FF329E /* AppDelegate.m */ = {isa = PBXFileReference; lastKnownFileType = sourcecode.c.objc; path = AppDelegate.m; sourceTree = "<group>"; };
		3967FA24223F4B4000FF329E /* ViewController.h */ = {isa = PBXFileReference; lastKnownFileType = sourcecode.c.h; path = ViewController.h; sourceTree = "<group>"; };
		3967FA25223F4B4000FF329E /* ViewController.m */ = {isa = PBXFileReference; lastKnownFileType = sourcecode.c.objc; path = ViewController.m; sourceTree = "<group>"; };
		3967FA28223F4B4000FF329E /* Base */ = {isa = PBXFileReference; lastKnownFileType = file.storyboard; name = Base; path = Base.lproj/Main.storyboard; sourceTree = "<group>"; };
		3967FA2A223F4B4200FF329E /* Assets.xcassets */ = {isa = PBXFileReference; lastKnownFileType = folder.assetcatalog; path = Assets.xcassets; sourceTree = "<group>"; };
		3967FA2D223F4B4200FF329E /* Base */ = {isa = PBXFileReference; lastKnownFileType = file.storyboard; name = Base; path = Base.lproj/LaunchScreen.storyboard; sourceTree = "<group>"; };
		3967FA2F223F4B4200FF329E /* Info.plist */ = {isa = PBXFileReference; lastKnownFileType = text.plist.xml; path = Info.plist; sourceTree = "<group>"; };
		3967FA30223F4B4200FF329E /* main.m */ = {isa = PBXFileReference; lastKnownFileType = sourcecode.c.objc; path = main.m; sourceTree = "<group>"; };
		3967FA3B223F4E1700FF329E /* Sort_C.h */ = {isa = PBXFileReference; lastKnownFileType = sourcecode.c.h; path = Sort_C.h; sourceTree = "<group>"; };
		3967FA3C223F4E1700FF329E /* Sort_C.m */ = {isa = PBXFileReference; lastKnownFileType = sourcecode.c.objc; path = Sort_C.m; sourceTree = "<group>"; };
		39A545802243B86600AB3B5D /* Bst.h */ = {isa = PBXFileReference; lastKnownFileType = sourcecode.c.h; path = Bst.h; sourceTree = "<group>"; };
		39A545812243B86600AB3B5D /* Bst.m */ = {isa = PBXFileReference; lastKnownFileType = sourcecode.c.objc; path = Bst.m; sourceTree = "<group>"; };
		39A545832244E00D00AB3B5D /* DemoVC.h */ = {isa = PBXFileReference; lastKnownFileType = sourcecode.c.h; path = DemoVC.h; sourceTree = "<group>"; };
		39A545842244E00D00AB3B5D /* DemoVC.m */ = {isa = PBXFileReference; lastKnownFileType = sourcecode.c.objc; path = DemoVC.m; sourceTree = "<group>"; };
		39C3798122410EFE00D2AA53 /* SingleLinkTable.h */ = {isa = PBXFileReference; lastKnownFileType = sourcecode.c.h; path = SingleLinkTable.h; sourceTree = "<group>"; };
		39C3798222410EFE00D2AA53 /* SingleLinkTable.m */ = {isa = PBXFileReference; lastKnownFileType = sourcecode.c.objc; path = SingleLinkTable.m; sourceTree = "<group>"; };
		39C379842241172A00D2AA53 /* DoubleLinkTable.h */ = {isa = PBXFileReference; lastKnownFileType = sourcecode.c.h; path = DoubleLinkTable.h; sourceTree = "<group>"; };
		39C379852241172A00D2AA53 /* DoubleLinkTable.m */ = {isa = PBXFileReference; lastKnownFileType = sourcecode.c.objc; path = DoubleLinkTable.m; sourceTree = "<group>"; };
		39C37988224254DF00D2AA53 /* AlgorithmProblem.h */ = {isa = PBXFileReference; lastKnownFileType = sourcecode.c.h; path = AlgorithmProblem.h; sourceTree = "<group>"; };
		39C37989224254DF00D2AA53 /* AlgorithmProblem.m */ = {isa = PBXFileReference; lastKnownFileType = sourcecode.c.objc; path = AlgorithmProblem.m; sourceTree = "<group>"; };
		39C3798B2242742500D2AA53 /* CirCleLinkList.h */ = {isa = PBXFileReference; lastKnownFileType = sourcecode.c.h; path = CirCleLinkList.h; sourceTree = "<group>"; };
		39C3798C2242742500D2AA53 /* CirCleLinkList.m */ = {isa = PBXFileReference; lastKnownFileType = sourcecode.c.objc; path = CirCleLinkList.m; sourceTree = "<group>"; };
		39C3798F2242798F00D2AA53 /* Stack.h */ = {isa = PBXFileReference; lastKnownFileType = sourcecode.c.h; path = Stack.h; sourceTree = "<group>"; };
		39C379902242798F00D2AA53 /* Stack.m */ = {isa = PBXFileReference; lastKnownFileType = sourcecode.c.objc; path = Stack.m; sourceTree = "<group>"; };
		39C49C2022465047001F587A /* Queue.h */ = {isa = PBXFileReference; lastKnownFileType = sourcecode.c.h; path = Queue.h; sourceTree = "<group>"; };
		39C49C2122465047001F587A /* Queue.m */ = {isa = PBXFileReference; lastKnownFileType = sourcecode.c.objc; path = Queue.m; sourceTree = "<group>"; };
		39C49C24224666A4001F587A /* Tree.h */ = {isa = PBXFileReference; lastKnownFileType = sourcecode.c.h; path = Tree.h; sourceTree = "<group>"; };
		39C49C25224666A4001F587A /* Tree.m */ = {isa = PBXFileReference; lastKnownFileType = sourcecode.c.objc; path = Tree.m; sourceTree = "<group>"; };
/* End PBXFileReference section */

/* Begin PBXFrameworksBuildPhase section */
		3967FA1B223F4B4000FF329E /* Frameworks */ = {
			isa = PBXFrameworksBuildPhase;
			buildActionMask = 2147483647;
			files = (
			);
			runOnlyForDeploymentPostprocessing = 0;
		};
/* End PBXFrameworksBuildPhase section */

/* Begin PBXGroup section */
		3908708122561B36002D29D3 /* CatagoryObj */ = {
			isa = PBXGroup;
			children = (
				3908708222561B86002D29D3 /* ClassA.h */,
				3908708322561B86002D29D3 /* ClassA.m */,
				3908708522561B99002D29D3 /* ClassB.h */,
				3908708622561B99002D29D3 /* ClassB.m */,
				3908708822561BAA002D29D3 /* ClassA+Run.h */,
				3908708922561BAA002D29D3 /* ClassA+Run.m */,
				3908708B22561EC8002D29D3 /* ClassB+Run.h */,
				3908708C22561EC8002D29D3 /* ClassB+Run.m */,
			);
			path = CatagoryObj;
			sourceTree = "<group>";
		};
		3967FA15223F4B4000FF329E = {
			isa = PBXGroup;
			children = (
				3967FA20223F4B4000FF329E /* DayDayLernning */,
				3967FA1F223F4B4000FF329E /* Products */,
			);
			sourceTree = "<group>";
		};
		3967FA1F223F4B4000FF329E /* Products */ = {
			isa = PBXGroup;
			children = (
				3967FA1E223F4B4000FF329E /* DayDayLernning.app */,
			);
			name = Products;
			sourceTree = "<group>";
		};
		3967FA20223F4B4000FF329E /* DayDayLernning */ = {
			isa = PBXGroup;
			children = (
				3908708122561B36002D29D3 /* CatagoryObj */,
				39C49C2322466699001F587A /* Tree */,
				39A5457F2243B85400AB3B5D /* BST */,
				39C49C1F2246502B001F587A /* Queue */,
				39C3798E2242797600D2AA53 /* Stack */,
				39C37987224254B000D2AA53 /* AlgorithmProblem */,
				39C3798022410EDC00D2AA53 /* LinkTable */,
				3967FA37223F4D0E00FF329E /* Sort */,
				3967FA21223F4B4000FF329E /* AppDelegate.h */,
				3967FA22223F4B4000FF329E /* AppDelegate.m */,
				3967FA24223F4B4000FF329E /* ViewController.h */,
				3967FA25223F4B4000FF329E /* ViewController.m */,
				3967FA27223F4B4000FF329E /* Main.storyboard */,
				3967FA2A223F4B4200FF329E /* Assets.xcassets */,
				3967FA2C223F4B4200FF329E /* LaunchScreen.storyboard */,
				3967FA2F223F4B4200FF329E /* Info.plist */,
				3967FA30223F4B4200FF329E /* main.m */,
				39A545832244E00D00AB3B5D /* DemoVC.h */,
				39A545842244E00D00AB3B5D /* DemoVC.m */,
			);
			path = DayDayLernning;
			sourceTree = "<group>";
		};
		3967FA37223F4D0E00FF329E /* Sort */ = {
			isa = PBXGroup;
			children = (
				3967FA3B223F4E1700FF329E /* Sort_C.h */,
				3967FA3C223F4E1700FF329E /* Sort_C.m */,
			);
			path = Sort;
			sourceTree = "<group>";
		};
		39A5457F2243B85400AB3B5D /* BST */ = {
			isa = PBXGroup;
			children = (
				39A545802243B86600AB3B5D /* Bst.h */,
				39A545812243B86600AB3B5D /* Bst.m */,
			);
			path = BST;
			sourceTree = "<group>";
		};
		39C3798022410EDC00D2AA53 /* LinkTable */ = {
			isa = PBXGroup;
			children = (
				39C3798122410EFE00D2AA53 /* SingleLinkTable.h */,
				39C3798222410EFE00D2AA53 /* SingleLinkTable.m */,
				39C379842241172A00D2AA53 /* DoubleLinkTable.h */,
				39C379852241172A00D2AA53 /* DoubleLinkTable.m */,
				39C3798B2242742500D2AA53 /* CirCleLinkList.h */,
				39C3798C2242742500D2AA53 /* CirCleLinkList.m */,
			);
			path = LinkTable;
			sourceTree = "<group>";
		};
		39C37987224254B000D2AA53 /* AlgorithmProblem */ = {
			isa = PBXGroup;
			children = (
				39C37988224254DF00D2AA53 /* AlgorithmProblem.h */,
				39C37989224254DF00D2AA53 /* AlgorithmProblem.m */,
			);
			path = AlgorithmProblem;
			sourceTree = "<group>";
		};
		39C3798E2242797600D2AA53 /* Stack */ = {
			isa = PBXGroup;
			children = (
				39C3798F2242798F00D2AA53 /* Stack.h */,
				39C379902242798F00D2AA53 /* Stack.m */,
			);
			path = Stack;
			sourceTree = "<group>";
		};
		39C49C1F2246502B001F587A /* Queue */ = {
			isa = PBXGroup;
			children = (
				39C49C2022465047001F587A /* Queue.h */,
				39C49C2122465047001F587A /* Queue.m */,
			);
			path = Queue;
			sourceTree = "<group>";
		};
		39C49C2322466699001F587A /* Tree */ = {
			isa = PBXGroup;
			children = (
				39C49C24224666A4001F587A /* Tree.h */,
				39C49C25224666A4001F587A /* Tree.m */,
			);
			path = Tree;
			sourceTree = "<group>";
		};
/* End PBXGroup section */

/* Begin PBXNativeTarget section */
		3967FA1D223F4B4000FF329E /* DayDayLernning */ = {
			isa = PBXNativeTarget;
			buildConfigurationList = 3967FA34223F4B4200FF329E /* Build configuration list for PBXNativeTarget "DayDayLernning" */;
			buildPhases = (
				3967FA1A223F4B4000FF329E /* Sources */,
				3967FA1B223F4B4000FF329E /* Frameworks */,
				3967FA1C223F4B4000FF329E /* Resources */,
			);
			buildRules = (
			);
			dependencies = (
			);
			name = DayDayLernning;
			productName = DayDayLernning;
			productReference = 3967FA1E223F4B4000FF329E /* DayDayLernning.app */;
			productType = "com.apple.product-type.application";
		};
/* End PBXNativeTarget section */

/* Begin PBXProject section */
		3967FA16223F4B4000FF329E /* Project object */ = {
			isa = PBXProject;
			attributes = {
				LastUpgradeCheck = 1010;
				ORGANIZATIONNAME = "wei zhang";
				TargetAttributes = {
					3967FA1D223F4B4000FF329E = {
						CreatedOnToolsVersion = 10.1;
					};
				};
			};
			buildConfigurationList = 3967FA19223F4B4000FF329E /* Build configuration list for PBXProject "DayDayLernning" */;
			compatibilityVersion = "Xcode 9.3";
			developmentRegion = en;
			hasScannedForEncodings = 0;
			knownRegions = (
				en,
				Base,
			);
			mainGroup = 3967FA15223F4B4000FF329E;
			productRefGroup = 3967FA1F223F4B4000FF329E /* Products */;
			projectDirPath = "";
			projectRoot = "";
			targets = (
				3967FA1D223F4B4000FF329E /* DayDayLernning */,
			);
		};
/* End PBXProject section */

/* Begin PBXResourcesBuildPhase section */
		3967FA1C223F4B4000FF329E /* Resources */ = {
			isa = PBXResourcesBuildPhase;
			buildActionMask = 2147483647;
			files = (
				3967FA2E223F4B4200FF329E /* LaunchScreen.storyboard in Resources */,
				3967FA2B223F4B4200FF329E /* Assets.xcassets in Resources */,
				3967FA29223F4B4000FF329E /* Main.storyboard in Resources */,
			);
			runOnlyForDeploymentPostprocessing = 0;
		};
/* End PBXResourcesBuildPhase section */

/* Begin PBXSourcesBuildPhase section */
		3967FA1A223F4B4000FF329E /* Sources */ = {
			isa = PBXSourcesBuildPhase;
			buildActionMask = 2147483647;
			files = (
				39C49C26224666A4001F587A /* Tree.m in Sources */,
				39C379912242798F00D2AA53 /* Stack.m in Sources */,
				3908708D22561EC8002D29D3 /* ClassB+Run.m in Sources */,
				39C3798322410EFE00D2AA53 /* SingleLinkTable.m in Sources */,
				39A545852244E00D00AB3B5D /* DemoVC.m in Sources */,
				39C49C2222465047001F587A /* Queue.m in Sources */,
				39C379862241172A00D2AA53 /* DoubleLinkTable.m in Sources */,
				39A545822243B86600AB3B5D /* Bst.m in Sources */,
				3967FA26223F4B4000FF329E /* ViewController.m in Sources */,
				3967FA3D223F4E1700FF329E /* Sort_C.m in Sources */,
				3908708722561B99002D29D3 /* ClassB.m in Sources */,
				39C3798A224254DF00D2AA53 /* AlgorithmProblem.m in Sources */,
				3967FA31223F4B4200FF329E /* main.m in Sources */,
				3967FA23223F4B4000FF329E /* AppDelegate.m in Sources */,
				3908708422561B86002D29D3 /* ClassA.m in Sources */,
				3908708A22561BAA002D29D3 /* ClassA+Run.m in Sources */,
				39C3798D2242742500D2AA53 /* CirCleLinkList.m in Sources */,
			);
			runOnlyForDeploymentPostprocessing = 0;
		};
/* End PBXSourcesBuildPhase section */

/* Begin PBXVariantGroup section */
		3967FA27223F4B4000FF329E /* Main.storyboard */ = {
			isa = PBXVariantGroup;
			children = (
				3967FA28223F4B4000FF329E /* Base */,
			);
			name = Main.storyboard;
			sourceTree = "<group>";
		};
		3967FA2C223F4B4200FF329E /* LaunchScreen.storyboard */ = {
			isa = PBXVariantGroup;
			children = (
				3967FA2D223F4B4200FF329E /* Base */,
			);
			name = LaunchScreen.storyboard;
			sourceTree = "<group>";
		};
/* End PBXVariantGroup section */

/* Begin XCBuildConfiguration section */
		3967FA32223F4B4200FF329E /* Debug */ = {
			isa = XCBuildConfiguration;
			buildSettings = {
				ALWAYS_SEARCH_USER_PATHS = NO;
				CLANG_ANALYZER_NONNULL = YES;
				CLANG_ANALYZER_NUMBER_OBJECT_CONVERSION = YES_AGGRESSIVE;
				CLANG_CXX_LANGUAGE_STANDARD = "gnu++14";
				CLANG_CXX_LIBRARY = "libc++";
				CLANG_ENABLE_MODULES = YES;
				CLANG_ENABLE_OBJC_ARC = YES;
				CLANG_ENABLE_OBJC_WEAK = YES;
				CLANG_WARN_BLOCK_CAPTURE_AUTORELEASING = YES;
				CLANG_WARN_BOOL_CONVERSION = YES;
				CLANG_WARN_COMMA = YES;
				CLANG_WARN_CONSTANT_CONVERSION = YES;
				CLANG_WARN_DEPRECATED_OBJC_IMPLEMENTATIONS = YES;
				CLANG_WARN_DIRECT_OBJC_ISA_USAGE = YES_ERROR;
				CLANG_WARN_DOCUMENTATION_COMMENTS = YES;
				CLANG_WARN_EMPTY_BODY = YES;
				CLANG_WARN_ENUM_CONVERSION = YES;
				CLANG_WARN_INFINITE_RECURSION = YES;
				CLANG_WARN_INT_CONVERSION = YES;
				CLANG_WARN_NON_LITERAL_NULL_CONVERSION = YES;
				CLANG_WARN_OBJC_IMPLICIT_RETAIN_SELF = YES;
				CLANG_WARN_OBJC_LITERAL_CONVERSION = YES;
				CLANG_WARN_OBJC_ROOT_CLASS = YES_ERROR;
				CLANG_WARN_RANGE_LOOP_ANALYSIS = YES;
				CLANG_WARN_STRICT_PROTOTYPES = YES;
				CLANG_WARN_SUSPICIOUS_MOVE = YES;
				CLANG_WARN_UNGUARDED_AVAILABILITY = YES_AGGRESSIVE;
				CLANG_WARN_UNREACHABLE_CODE = YES;
				CLANG_WARN__DUPLICATE_METHOD_MATCH = YES;
				CODE_SIGN_IDENTITY = "iPhone Developer";
				COPY_PHASE_STRIP = NO;
				DEBUG_INFORMATION_FORMAT = dwarf;
				ENABLE_STRICT_OBJC_MSGSEND = YES;
				ENABLE_TESTABILITY = YES;
				GCC_C_LANGUAGE_STANDARD = gnu11;
				GCC_DYNAMIC_NO_PIC = NO;
				GCC_NO_COMMON_BLOCKS = YES;
				GCC_OPTIMIZATION_LEVEL = 0;
				GCC_PREPROCESSOR_DEFINITIONS = (
					"DEBUG=1",
					"$(inherited)",
				);
				GCC_WARN_64_TO_32_BIT_CONVERSION = YES;
				GCC_WARN_ABOUT_RETURN_TYPE = YES_ERROR;
				GCC_WARN_UNDECLARED_SELECTOR = YES;
				GCC_WARN_UNINITIALIZED_AUTOS = YES_AGGRESSIVE;
				GCC_WARN_UNUSED_FUNCTION = YES;
				GCC_WARN_UNUSED_VARIABLE = YES;
				IPHONEOS_DEPLOYMENT_TARGET = 12.1;
				MTL_ENABLE_DEBUG_INFO = INCLUDE_SOURCE;
				MTL_FAST_MATH = YES;
				ONLY_ACTIVE_ARCH = YES;
				SDKROOT = iphoneos;
			};
			name = Debug;
		};
		3967FA33223F4B4200FF329E /* Release */ = {
			isa = XCBuildConfiguration;
			buildSettings = {
				ALWAYS_SEARCH_USER_PATHS = NO;
				CLANG_ANALYZER_NONNULL = YES;
				CLANG_ANALYZER_NUMBER_OBJECT_CONVERSION = YES_AGGRESSIVE;
				CLANG_CXX_LANGUAGE_STANDARD = "gnu++14";
				CLANG_CXX_LIBRARY = "libc++";
				CLANG_ENABLE_MODULES = YES;
				CLANG_ENABLE_OBJC_ARC = YES;
				CLANG_ENABLE_OBJC_WEAK = YES;
				CLANG_WARN_BLOCK_CAPTURE_AUTORELEASING = YES;
				CLANG_WARN_BOOL_CONVERSION = YES;
				CLANG_WARN_COMMA = YES;
				CLANG_WARN_CONSTANT_CONVERSION = YES;
				CLANG_WARN_DEPRECATED_OBJC_IMPLEMENTATIONS = YES;
				CLANG_WARN_DIRECT_OBJC_ISA_USAGE = YES_ERROR;
				CLANG_WARN_DOCUMENTATION_COMMENTS = YES;
				CLANG_WARN_EMPTY_BODY = YES;
				CLANG_WARN_ENUM_CONVERSION = YES;
				CLANG_WARN_INFINITE_RECURSION = YES;
				CLANG_WARN_INT_CONVERSION = YES;
				CLANG_WARN_NON_LITERAL_NULL_CONVERSION = YES;
				CLANG_WARN_OBJC_IMPLICIT_RETAIN_SELF = YES;
				CLANG_WARN_OBJC_LITERAL_CONVERSION = YES;
				CLANG_WARN_OBJC_ROOT_CLASS = YES_ERROR;
				CLANG_WARN_RANGE_LOOP_ANALYSIS = YES;
				CLANG_WARN_STRICT_PROTOTYPES = YES;
				CLANG_WARN_SUSPICIOUS_MOVE = YES;
				CLANG_WARN_UNGUARDED_AVAILABILITY = YES_AGGRESSIVE;
				CLANG_WARN_UNREACHABLE_CODE = YES;
				CLANG_WARN__DUPLICATE_METHOD_MATCH = YES;
				CODE_SIGN_IDENTITY = "iPhone Developer";
				COPY_PHASE_STRIP = NO;
				DEBUG_INFORMATION_FORMAT = "dwarf-with-dsym";
				ENABLE_NS_ASSERTIONS = NO;
				ENABLE_STRICT_OBJC_MSGSEND = YES;
				GCC_C_LANGUAGE_STANDARD = gnu11;
				GCC_NO_COMMON_BLOCKS = YES;
				GCC_WARN_64_TO_32_BIT_CONVERSION = YES;
				GCC_WARN_ABOUT_RETURN_TYPE = YES_ERROR;
				GCC_WARN_UNDECLARED_SELECTOR = YES;
				GCC_WARN_UNINITIALIZED_AUTOS = YES_AGGRESSIVE;
				GCC_WARN_UNUSED_FUNCTION = YES;
				GCC_WARN_UNUSED_VARIABLE = YES;
				IPHONEOS_DEPLOYMENT_TARGET = 12.1;
				MTL_ENABLE_DEBUG_INFO = NO;
				MTL_FAST_MATH = YES;
				SDKROOT = iphoneos;
				VALIDATE_PRODUCT = YES;
			};
			name = Release;
		};
		3967FA35223F4B4200FF329E /* Debug */ = {
			isa = XCBuildConfiguration;
			buildSettings = {
				ASSETCATALOG_COMPILER_APPICON_NAME = AppIcon;
				CODE_SIGN_STYLE = Automatic;
				DEVELOPMENT_TEAM = G8N39JLF34;
				INFOPLIST_FILE = DayDayLernning/Info.plist;
				LD_RUNPATH_SEARCH_PATHS = (
					"$(inherited)",
					"@executable_path/Frameworks",
				);
				PRODUCT_BUNDLE_IDENTIFIER = waerdai.DayDayLernning;
				PRODUCT_NAME = "$(TARGET_NAME)";
				TARGETED_DEVICE_FAMILY = "1,2";
			};
			name = Debug;
		};
		3967FA36223F4B4200FF329E /* Release */ = {
			isa = XCBuildConfiguration;
			buildSettings = {
				ASSETCATALOG_COMPILER_APPICON_NAME = AppIcon;
				CODE_SIGN_STYLE = Automatic;
				DEVELOPMENT_TEAM = G8N39JLF34;
				INFOPLIST_FILE = DayDayLernning/Info.plist;
				LD_RUNPATH_SEARCH_PATHS = (
					"$(inherited)",
					"@executable_path/Frameworks",
				);
				PRODUCT_BUNDLE_IDENTIFIER = waerdai.DayDayLernning;
				PRODUCT_NAME = "$(TARGET_NAME)";
				TARGETED_DEVICE_FAMILY = "1,2";
			};
			name = Release;
		};
/* End XCBuildConfiguration section */

/* Begin XCConfigurationList section */
		3967FA19223F4B4000FF329E /* Build configuration list for PBXProject "DayDayLernning" */ = {
			isa = XCConfigurationList;
			buildConfigurations = (
				3967FA32223F4B4200FF329E /* Debug */,
				3967FA33223F4B4200FF329E /* Release */,
			);
			defaultConfigurationIsVisible = 0;
			defaultConfigurationName = Release;
		};
		3967FA34223F4B4200FF329E /* Build configuration list for PBXNativeTarget "DayDayLernning" */ = {
			isa = XCConfigurationList;
			buildConfigurations = (
				3967FA35223F4B4200FF329E /* Debug */,
				3967FA36223F4B4200FF329E /* Release */,
			);
			defaultConfigurationIsVisible = 0;
			defaultConfigurationName = Release;
		};
/* End XCConfigurationList section */
	};
	rootObject = 3967FA16223F4B4000FF329E /* Project object */;
}
